
Microsoft Visual Studio Solution File, Format Version 12.00
# Visual Studio 15
VisualStudioVersion = 15.0.27004.2002
MinimumVisualStudioVersion = 10.0.40219.1
Project("{FAE04EC0-301F-11D3-BF4B-00C04F79EFBC}") = "BombSquad", "BombSquad\BombSquad.csproj", "{5A271249-9B2C-4150-96DB-9536E3E9167C}"
EndProject
Project("{FAE04EC0-301F-11D3-BF4B-00C04F79EFBC}") = "TwoMouseClick", "TwoMouseClick\TwoMouseClick.csproj", "{A962FE87-3413-443D-9A68-E48301006DEE}"
EndProject
Project("{FAE04EC0-301F-11D3-BF4B-00C04F79EFBC}") = "AddAMenu", "AddAMenu\AddAMenu.csproj", "{5E51BC83-58D5-4E70-AE67-A6218358A7B2}"
EndProject
Project("{FAE04EC0-301F-11D3-BF4B-00C04F79EFBC}") = "HighScoreDemo", "HighScoreDemo\HighScoreDemo.csproj", "{499585FF-539E-4DE7-B161-6AA4C3FDC5D3}"
EndProject
Global
	GlobalSection(SolutionConfigurationPlatforms) = preSolution
		Debug|Any CPU = Debug|Any CPU
		Release|Any CPU = Release|Any CPU
	EndGlobalSection
	GlobalSection(ProjectConfigurationPlatforms) = postSolution
		{5A271249-9B2C-4150-96DB-9536E3E9167C}.Debug|Any CPU.ActiveCfg = Debug|Any CPU
		{5A271249-9B2C-4150-96DB-9536E3E9167C}.Debug|Any CPU.Build.0 = Debug|Any CPU
		{5A271249-9B2C-4150-96DB-9536E3E9167C}.Release|Any CPU.ActiveCfg = Release|Any CPU
		{5A271249-9B2C-4150-96DB-9536E3E9167C}.Release|Any CPU.Build.0 = Release|Any CPU
		{A962FE87-3413-443D-9A68-E48301006DEE}.Debug|Any CPU.ActiveCfg = Debug|Any CPU
		{A962FE87-3413-443D-9A68-E48301006DEE}.Debug|Any CPU.Build.0 = Debug|Any CPU
		{A962FE87-3413-443D-9A68-E48301006DEE}.Release|Any CPU.ActiveCfg = Release|Any CPU
		{A962FE87-3413-443D-9A68-E48301006DEE}.Release|Any CPU.Build.0 = Release|Any CPU
		{5E51BC83-58D5-4E70-AE67-A6218358A7B2}.Debug|Any CPU.ActiveCfg = Debug|Any CPU
		{5E51BC83-58D5-4E70-AE67-A6218358A7B2}.Debug|Any CPU.Build.0 = Debug|Any CPU
		{5E51BC83-58D5-4E70-AE67-A6218358A7B2}.Release|Any CPU.ActiveCfg = Release|Any CPU
		{5E51BC83-58D5-4E70-AE67-A6218358A7B2}.Release|Any CPU.Build.0 = Release|Any CPU
		{499585FF-539E-4DE7-B161-6AA4C3FDC5D3}.Debug|Any CPU.ActiveCfg = Debug|Any CPU
		{499585FF-539E-4DE7-B161-6AA4C3FDC5D3}.Debug|Any CPU.Build.0 = Debug|Any CPU
		{499585FF-539E-4DE7-B161-6AA4C3FDC5D3}.Release|Any CPU.ActiveCfg = Release|Any CPU
		{499585FF-539E-4DE7-B161-6AA4C3FDC5D3}.Release|Any CPU.Build.0 = Release|Any CPU
	EndGlobalSection
	GlobalSection(SolutionProperties) = preSolution
		HideSolutionNode = FALSE
	EndGlobalSection
	GlobalSection(ExtensibilityGlobals) = postSolution
		SolutionGuid = {DA0B8784-791D-4142-B2E8-F23FCD6EFC51}
	EndGlobalSection
EndGlobal
